{
  "object": {
    "pins": [
      {
        "package": "OpenAPIKit",
        "repositoryURL": "https://github.com/mndzup/OpenAPIKit.git",
        "state": {
          "branch": "working",
          "revision": "caa2946d5ce92639589fb25dedc1c6d4d6eb651a",
          "version": null
        }
      },
      {
        "package": "SwaggerParser",
        "repositoryURL": "https://github.com/tachyonics/SwaggerParser.git",
        "state": {
          "branch": null,
          "revision": "c0eb70485c59a9d7dd6765dcd303b49fdb3040ee",
          "version": "0.6.4"
        }
      },
      {
        "package": "Yams",
        "repositoryURL": "https://github.com/jpsim/Yams.git",
        "state": {
          "branch": null,
          "revision": "9ff1cc9327586db4e0c8f46f064b6a82ec1566fa",
          "version": "4.0.6"
        }
      }
    ]
  },
  "version": 1
}
